
Microsoft Visual Studio Solution File, Format Version 12.00
# Visual Studio Version 17
VisualStudioVersion = 17.8.34309.116
MinimumVisualStudioVersion = 10.0.40219.1
Project("{FAE04EC0-301F-11D3-BF4B-00C04F79EFBC}") = "NBDProject", "NBDProject\NBDProject.csproj", "{1C9DC5F2-BF92-4417-9E50-A3FB5F0CDF53}"
EndProject
Global
	GlobalSection(SolutionConfigurationPlatforms) = preSolution
		Debug|Any CPU = Debug|Any CPU
		Release|Any CPU = Release|Any CPU
	EndGlobalSection
	GlobalSection(ProjectConfigurationPlatforms) = postSolution
		{1C9DC5F2-BF92-4417-9E50-A3FB5F0CDF53}.Debug|Any CPU.ActiveCfg = Debug|Any CPU
		{1C9DC5F2-BF92-4417-9E50-A3FB5F0CDF53}.Debug|Any CPU.Build.0 = Debug|Any CPU
		{1C9DC5F2-BF92-4417-9E50-A3FB5F0CDF53}.Release|Any CPU.ActiveCfg = Release|Any CPU
		{1C9DC5F2-BF92-4417-9E50-A3FB5F0CDF53}.Release|Any CPU.Build.0 = Release|Any CPU
	EndGlobalSection
	GlobalSection(SolutionProperties) = preSolution
		HideSolutionNode = FALSE
	EndGlobalSection
	GlobalSection(ExtensibilityGlobals) = postSolution
		SolutionGuid = {1CD8A1EA-0A61-4C67-B108-085DB34ED74E}
	EndGlobalSection
EndGlobal
